
Microsoft Visual Studio Solution File, Format Version 12.00
# Visual Studio 15
VisualStudioVersion = 15.0.27703.2042
MinimumVisualStudioVersion = 10.0.40219.1
Project("{FAE04EC0-301F-11D3-BF4B-00C04F79EFBC}") = "behavior.Android", "behavior\behavior.Android\behavior.Android.csproj", "{73B19BB7-81A3-44D5-899B-B8C96E665239}"
EndProject
Project("{FAE04EC0-301F-11D3-BF4B-00C04F79EFBC}") = "behavior.iOS", "behavior\behavior.iOS\behavior.iOS.csproj", "{112E11B2-411B-4F46-988E-F3FF702FEE7B}"
EndProject
Project("{FAE04EC0-301F-11D3-BF4B-00C04F79EFBC}") = "behavior", "behavior\behavior\behavior.csproj", "{A7083D44-0A2B-4405-BC58-59ADE18929C1}"
EndProject
Global
	GlobalSection(SolutionConfigurationPlatforms) = preSolution
		Ad-Hoc|Any CPU = Ad-Hoc|Any CPU
		Ad-Hoc|iPhone = Ad-Hoc|iPhone
		Ad-Hoc|iPhoneSimulator = Ad-Hoc|iPhoneSimulator
		AppStore|Any CPU = AppStore|Any CPU
		AppStore|iPhone = AppStore|iPhone
		AppStore|iPhoneSimulator = AppStore|iPhoneSimulator
		Debug|Any CPU = Debug|Any CPU
		Debug|iPhone = Debug|iPhone
		Debug|iPhoneSimulator = Debug|iPhoneSimulator
		Release|Any CPU = Release|Any CPU
		Release|iPhone = Release|iPhone
		Release|iPhoneSimulator = Release|iPhoneSimulator
	EndGlobalSection
	GlobalSection(ProjectConfigurationPlatforms) = postSolution
		{73B19BB7-81A3-44D5-899B-B8C96E665239}.Ad-Hoc|Any CPU.ActiveCfg = Release|Any CPU
		{73B19BB7-81A3-44D5-899B-B8C96E665239}.Ad-Hoc|Any CPU.Build.0 = Release|Any CPU
		{73B19BB7-81A3-44D5-899B-B8C96E665239}.Ad-Hoc|Any CPU.Deploy.0 = Release|Any CPU
		{73B19BB7-81A3-44D5-899B-B8C96E665239}.Ad-Hoc|iPhone.ActiveCfg = Release|Any CPU
		{73B19BB7-81A3-44D5-899B-B8C96E665239}.Ad-Hoc|iPhone.Build.0 = Release|Any CPU
		{73B19BB7-81A3-44D5-899B-B8C96E665239}.Ad-Hoc|iPhone.Deploy.0 = Release|Any CPU
		{73B19BB7-81A3-44D5-899B-B8C96E665239}.Ad-Hoc|iPhoneSimulator.ActiveCfg = Release|Any CPU
		{73B19BB7-81A3-44D5-899B-B8C96E665239}.Ad-Hoc|iPhoneSimulator.Build.0 = Release|Any CPU
		{73B19BB7-81A3-44D5-899B-B8C96E665239}.Ad-Hoc|iPhoneSimulator.Deploy.0 = Release|Any CPU
		{73B19BB7-81A3-44D5-899B-B8C96E665239}.AppStore|Any CPU.ActiveCfg = Release|Any CPU
		{73B19BB7-81A3-44D5-899B-B8C96E665239}.AppStore|Any CPU.Build.0 = Release|Any CPU
		{73B19BB7-81A3-44D5-899B-B8C96E665239}.AppStore|Any CPU.Deploy.0 = Release|Any CPU
		{73B19BB7-81A3-44D5-899B-B8C96E665239}.AppStore|iPhone.ActiveCfg = Release|Any CPU
		{73B19BB7-81A3-44D5-899B-B8C96E665239}.AppStore|iPhone.Build.0 = Release|Any CPU
		{73B19BB7-81A3-44D5-899B-B8C96E665239}.AppStore|iPhone.Deploy.0 = Release|Any CPU
		{73B19BB7-81A3-44D5-899B-B8C96E665239}.AppStore|iPhoneSimulator.ActiveCfg = Release|Any CPU
		{73B19BB7-81A3-44D5-899B-B8C96E665239}.AppStore|iPhoneSimulator.Build.0 = Release|Any CPU
		{73B19BB7-81A3-44D5-899B-B8C96E665239}.AppStore|iPhoneSimulator.Deploy.0 = Release|Any CPU
		{73B19BB7-81A3-44D5-899B-B8C96E665239}.Debug|Any CPU.ActiveCfg = Debug|Any CPU
		{73B19BB7-81A3-44D5-899B-B8C96E665239}.Debug|Any CPU.Build.0 = Debug|Any CPU
		{73B19BB7-81A3-44D5-899B-B8C96E665239}.Debug|Any CPU.Deploy.0 = Debug|Any CPU
		{73B19BB7-81A3-44D5-899B-B8C96E665239}.Debug|iPhone.ActiveCfg = Debug|Any CPU
		{73B19BB7-81A3-44D5-899B-B8C96E665239}.Debug|iPhone.Build.0 = Debug|Any CPU
		{73B19BB7-81A3-44D5-899B-B8C96E665239}.Debug|iPhone.Deploy.0 = Debug|Any CPU
		{73B19BB7-81A3-44D5-899B-B8C96E665239}.Debug|iPhoneSimulator.ActiveCfg = Debug|Any CPU
		{73B19BB7-81A3-44D5-899B-B8C96E665239}.Debug|iPhoneSimulator.Build.0 = Debug|Any CPU
		{73B19BB7-81A3-44D5-899B-B8C96E665239}.Debug|iPhoneSimulator.Deploy.0 = Debug|Any CPU
		{73B19BB7-81A3-44D5-899B-B8C96E665239}.Release|Any CPU.ActiveCfg = Release|Any CPU
		{73B19BB7-81A3-44D5-899B-B8C96E665239}.Release|Any CPU.Build.0 = Release|Any CPU
		{73B19BB7-81A3-44D5-899B-B8C96E665239}.Release|Any CPU.Deploy.0 = Release|Any CPU
		{73B19BB7-81A3-44D5-899B-B8C96E665239}.Release|iPhone.ActiveCfg = Release|Any CPU
		{73B19BB7-81A3-44D5-899B-B8C96E665239}.Release|iPhone.Build.0 = Release|Any CPU
		{73B19BB7-81A3-44D5-899B-B8C96E665239}.Release|iPhone.Deploy.0 = Release|Any CPU
		{73B19BB7-81A3-44D5-899B-B8C96E665239}.Release|iPhoneSimulator.ActiveCfg = Release|Any CPU
		{73B19BB7-81A3-44D5-899B-B8C96E665239}.Release|iPhoneSimulator.Build.0 = Release|Any CPU
		{73B19BB7-81A3-44D5-899B-B8C96E665239}.Release|iPhoneSimulator.Deploy.0 = Release|Any CPU
		{112E11B2-411B-4F46-988E-F3FF702FEE7B}.Ad-Hoc|Any CPU.ActiveCfg = Ad-Hoc|iPhone
		{112E11B2-411B-4F46-988E-F3FF702FEE7B}.Ad-Hoc|Any CPU.Build.0 = Ad-Hoc|iPhone
		{112E11B2-411B-4F46-988E-F3FF702FEE7B}.Ad-Hoc|Any CPU.Deploy.0 = Ad-Hoc|iPhone
		{112E11B2-411B-4F46-988E-F3FF702FEE7B}.Ad-Hoc|iPhone.ActiveCfg = Ad-Hoc|iPhone
		{112E11B2-411B-4F46-988E-F3FF702FEE7B}.Ad-Hoc|iPhone.Build.0 = Ad-Hoc|iPhone
		{112E11B2-411B-4F46-988E-F3FF702FEE7B}.Ad-Hoc|iPhone.Deploy.0 = Ad-Hoc|iPhone
		{112E11B2-411B-4F46-988E-F3FF702FEE7B}.Ad-Hoc|iPhoneSimulator.ActiveCfg = Ad-Hoc|iPhoneSimulator
		{112E11B2-411B-4F46-988E-F3FF702FEE7B}.Ad-Hoc|iPhoneSimulator.Build.0 = Ad-Hoc|iPhoneSimulator
		{112E11B2-411B-4F46-988E-F3FF702FEE7B}.Ad-Hoc|iPhoneSimulator.Deploy.0 = Ad-Hoc|iPhoneSimulator
		{112E11B2-411B-4F46-988E-F3FF702FEE7B}.AppStore|Any CPU.ActiveCfg = AppStore|iPhone
		{112E11B2-411B-4F46-988E-F3FF702FEE7B}.AppStore|Any CPU.Build.0 = AppStore|iPhone
		{112E11B2-411B-4F46-988E-F3FF702FEE7B}.AppStore|Any CPU.Deploy.0 = AppStore|iPhone
		{112E11B2-411B-4F46-988E-F3FF702FEE7B}.AppStore|iPhone.ActiveCfg = AppStore|iPhone
		{112E11B2-411B-4F46-988E-F3FF702FEE7B}.AppStore|iPhone.Build.0 = AppStore|iPhone
		{112E11B2-411B-4F46-988E-F3FF702FEE7B}.AppStore|iPhone.Deploy.0 = AppStore|iPhone
		{112E11B2-411B-4F46-988E-F3FF702FEE7B}.AppStore|iPhoneSimulator.ActiveCfg = AppStore|iPhoneSimulator
		{112E11B2-411B-4F46-988E-F3FF702FEE7B}.AppStore|iPhoneSimulator.Build.0 = AppStore|iPhoneSimulator
		{112E11B2-411B-4F46-988E-F3FF702FEE7B}.AppStore|iPhoneSimulator.Deploy.0 = AppStore|iPhoneSimulator
		{112E11B2-411B-4F46-988E-F3FF702FEE7B}.Debug|Any CPU.ActiveCfg = Debug|iPhoneSimulator
		{112E11B2-411B-4F46-988E-F3FF702FEE7B}.Debug|Any CPU.Build.0 = Debug|iPhoneSimulator
		{112E11B2-411B-4F46-988E-F3FF702FEE7B}.Debug|Any CPU.Deploy.0 = Debug|iPhoneSimulator
		{112E11B2-411B-4F46-988E-F3FF702FEE7B}.Debug|iPhone.ActiveCfg = Debug|iPhone
		{112E11B2-411B-4F46-988E-F3FF702FEE7B}.Debug|iPhone.Build.0 = Debug|iPhone
		{112E11B2-411B-4F46-988E-F3FF702FEE7B}.Debug|iPhone.Deploy.0 = Debug|iPhone
		{112E11B2-411B-4F46-988E-F3FF702FEE7B}.Debug|iPhoneSimulator.ActiveCfg = Debug|iPhoneSimulator
		{112E11B2-411B-4F46-988E-F3FF702FEE7B}.Debug|iPhoneSimulator.Build.0 = Debug|iPhoneSimulator
		{112E11B2-411B-4F46-988E-F3FF702FEE7B}.Debug|iPhoneSimulator.Deploy.0 = Debug|iPhoneSimulator
		{112E11B2-411B-4F46-988E-F3FF702FEE7B}.Release|Any CPU.ActiveCfg = Release|iPhone
		{112E11B2-411B-4F46-988E-F3FF702FEE7B}.Release|Any CPU.Build.0 = Release|iPhone
		{112E11B2-411B-4F46-988E-F3FF702FEE7B}.Release|Any CPU.Deploy.0 = Release|iPhone
		{112E11B2-411B-4F46-988E-F3FF702FEE7B}.Release|iPhone.ActiveCfg = Release|iPhone
		{112E11B2-411B-4F46-988E-F3FF702FEE7B}.Release|iPhone.Build.0 = Release|iPhone
		{112E11B2-411B-4F46-988E-F3FF702FEE7B}.Release|iPhone.Deploy.0 = Release|iPhone
		{112E11B2-411B-4F46-988E-F3FF702FEE7B}.Release|iPhoneSimulator.ActiveCfg = Release|iPhoneSimulator
		{112E11B2-411B-4F46-988E-F3FF702FEE7B}.Release|iPhoneSimulator.Build.0 = Release|iPhoneSimulator
		{112E11B2-411B-4F46-988E-F3FF702FEE7B}.Release|iPhoneSimulator.Deploy.0 = Release|iPhoneSimulator
		{A7083D44-0A2B-4405-BC58-59ADE18929C1}.Ad-Hoc|Any CPU.ActiveCfg = Debug|Any CPU
		{A7083D44-0A2B-4405-BC58-59ADE18929C1}.Ad-Hoc|Any CPU.Build.0 = Debug|Any CPU
		{A7083D44-0A2B-4405-BC58-59ADE18929C1}.Ad-Hoc|Any CPU.Deploy.0 = Debug|Any CPU
		{A7083D44-0A2B-4405-BC58-59ADE18929C1}.Ad-Hoc|iPhone.ActiveCfg = Debug|Any CPU
		{A7083D44-0A2B-4405-BC58-59ADE18929C1}.Ad-Hoc|iPhone.Build.0 = Debug|Any CPU
		{A7083D44-0A2B-4405-BC58-59ADE18929C1}.Ad-Hoc|iPhone.Deploy.0 = Debug|Any CPU
		{A7083D44-0A2B-4405-BC58-59ADE18929C1}.Ad-Hoc|iPhoneSimulator.ActiveCfg = Debug|Any CPU
		{A7083D44-0A2B-4405-BC58-59ADE18929C1}.Ad-Hoc|iPhoneSimulator.Build.0 = Debug|Any CPU
		{A7083D44-0A2B-4405-BC58-59ADE18929C1}.Ad-Hoc|iPhoneSimulator.Deploy.0 = Debug|Any CPU
		{A7083D44-0A2B-4405-BC58-59ADE18929C1}.AppStore|Any CPU.ActiveCfg = Debug|Any CPU
		{A7083D44-0A2B-4405-BC58-59ADE18929C1}.AppStore|Any CPU.Build.0 = Debug|Any CPU
		{A7083D44-0A2B-4405-BC58-59ADE18929C1}.AppStore|Any CPU.Deploy.0 = Debug|Any CPU
		{A7083D44-0A2B-4405-BC58-59ADE18929C1}.AppStore|iPhone.ActiveCfg = Debug|Any CPU
		{A7083D44-0A2B-4405-BC58-59ADE18929C1}.AppStore|iPhone.Build.0 = Debug|Any CPU
		{A7083D44-0A2B-4405-BC58-59ADE18929C1}.AppStore|iPhone.Deploy.0 = Debug|Any CPU
		{A7083D44-0A2B-4405-BC58-59ADE18929C1}.AppStore|iPhoneSimulator.ActiveCfg = Debug|Any CPU
		{A7083D44-0A2B-4405-BC58-59ADE18929C1}.AppStore|iPhoneSimulator.Build.0 = Debug|Any CPU
		{A7083D44-0A2B-4405-BC58-59ADE18929C1}.AppStore|iPhoneSimulator.Deploy.0 = Debug|Any CPU
		{A7083D44-0A2B-4405-BC58-59ADE18929C1}.Debug|Any CPU.ActiveCfg = Debug|Any CPU
		{A7083D44-0A2B-4405-BC58-59ADE18929C1}.Debug|Any CPU.Build.0 = Debug|Any CPU
		{A7083D44-0A2B-4405-BC58-59ADE18929C1}.Debug|Any CPU.Deploy.0 = Debug|Any CPU
		{A7083D44-0A2B-4405-BC58-59ADE18929C1}.Debug|iPhone.ActiveCfg = Debug|Any CPU
		{A7083D44-0A2B-4405-BC58-59ADE18929C1}.Debug|iPhone.Build.0 = Debug|Any CPU
		{A7083D44-0A2B-4405-BC58-59ADE18929C1}.Debug|iPhone.Deploy.0 = Debug|Any CPU
		{A7083D44-0A2B-4405-BC58-59ADE18929C1}.Debug|iPhoneSimulator.ActiveCfg = Debug|Any CPU
		{A7083D44-0A2B-4405-BC58-59ADE18929C1}.Debug|iPhoneSimulator.Build.0 = Debug|Any CPU
		{A7083D44-0A2B-4405-BC58-59ADE18929C1}.Debug|iPhoneSimulator.Deploy.0 = Debug|Any CPU
		{A7083D44-0A2B-4405-BC58-59ADE18929C1}.Release|Any CPU.ActiveCfg = Release|Any CPU
		{A7083D44-0A2B-4405-BC58-59ADE18929C1}.Release|Any CPU.Build.0 = Release|Any CPU
		{A7083D44-0A2B-4405-BC58-59ADE18929C1}.Release|Any CPU.Deploy.0 = Release|Any CPU
		{A7083D44-0A2B-4405-BC58-59ADE18929C1}.Release|iPhone.ActiveCfg = Release|Any CPU
		{A7083D44-0A2B-4405-BC58-59ADE18929C1}.Release|iPhone.Build.0 = Release|Any CPU
		{A7083D44-0A2B-4405-BC58-59ADE18929C1}.Release|iPhone.Deploy.0 = Release|Any CPU
		{A7083D44-0A2B-4405-BC58-59ADE18929C1}.Release|iPhoneSimulator.ActiveCfg = Release|Any CPU
		{A7083D44-0A2B-4405-BC58-59ADE18929C1}.Release|iPhoneSimulator.Build.0 = Release|Any CPU
		{A7083D44-0A2B-4405-BC58-59ADE18929C1}.Release|iPhoneSimulator.Deploy.0 = Release|Any CPU
	EndGlobalSection
	GlobalSection(SolutionProperties) = preSolution
		HideSolutionNode = FALSE
	EndGlobalSection
	GlobalSection(ExtensibilityGlobals) = postSolution
		SolutionGuid = {94D6D124-56B7-4A1E-BD3E-FE0A153B64DA}
	EndGlobalSection
EndGlobal
